
Microsoft Visual Studio Solution File, Format Version 12.00
# Visual Studio Version 16
VisualStudioVersion = 16.0.31005.135
MinimumVisualStudioVersion = 10.0.40219.1
Project("{FAE04EC0-301F-11D3-BF4B-00C04F79EFBC}") = "GraphQL.API", "GraphQL.API\GraphQL.API.csproj", "{0144DD75-0D07-4957-98A5-0D7F0505BF2A}"
EndProject
Global
	GlobalSection(SolutionConfigurationPlatforms) = preSolution
		Debug|Any CPU = Debug|Any CPU
		Release|Any CPU = Release|Any CPU
	EndGlobalSection
	GlobalSection(ProjectConfigurationPlatforms) = postSolution
		{0144DD75-0D07-4957-98A5-0D7F0505BF2A}.Debug|Any CPU.ActiveCfg = Debug|Any CPU
		{0144DD75-0D07-4957-98A5-0D7F0505BF2A}.Debug|Any CPU.Build.0 = Debug|Any CPU
		{0144DD75-0D07-4957-98A5-0D7F0505BF2A}.Release|Any CPU.ActiveCfg = Release|Any CPU
		{0144DD75-0D07-4957-98A5-0D7F0505BF2A}.Release|Any CPU.Build.0 = Release|Any CPU
	EndGlobalSection
	GlobalSection(SolutionProperties) = preSolution
		HideSolutionNode = FALSE
	EndGlobalSection
	GlobalSection(ExtensibilityGlobals) = postSolution
		SolutionGuid = {E12D97C0-7063-480C-BCFB-54C19EC2A364}
	EndGlobalSection
EndGlobal
